
Microsoft Visual Studio Solution File, Format Version 12.00
# Visual Studio Version 17
VisualStudioVersion = 17.11.35327.3
MinimumVisualStudioVersion = 10.0.40219.1
Project("{FAE04EC0-301F-11D3-BF4B-00C04F79EFBC}") = "LearningWpfProject", "LearningWpfProject.csproj", "{672BD968-9E76-4F26-B3F9-1D69B7AA73A3}"
EndProject
Global
	GlobalSection(SolutionConfigurationPlatforms) = preSolution
		Debug|Any CPU = Debug|Any CPU
		Release|Any CPU = Release|Any CPU
	EndGlobalSection
	GlobalSection(ProjectConfigurationPlatforms) = postSolution
		{672BD968-9E76-4F26-B3F9-1D69B7AA73A3}.Debug|Any CPU.ActiveCfg = Debug|Any CPU
		{672BD968-9E76-4F26-B3F9-1D69B7AA73A3}.Debug|Any CPU.Build.0 = Debug|Any CPU
		{672BD968-9E76-4F26-B3F9-1D69B7AA73A3}.Release|Any CPU.ActiveCfg = Release|Any CPU
		{672BD968-9E76-4F26-B3F9-1D69B7AA73A3}.Release|Any CPU.Build.0 = Release|Any CPU
	EndGlobalSection
	GlobalSection(SolutionProperties) = preSolution
		HideSolutionNode = FALSE
	EndGlobalSection
	GlobalSection(ExtensibilityGlobals) = postSolution
		SolutionGuid = {7FDA2242-F29B-431E-9055-232D8C9994C8}
	EndGlobalSection
EndGlobal
